# Generated by buf. DO NOT EDIT.
version: v2
deps:
  - name: buf.build/googleapis/googleapis
    commit: c17df5b2beca46928cc87d5656bd5343
    digest: b5:648a01e0170d4512dea7d564016165decd1ed6e34bef79fe54753e51ad7e27545709ad9157d7551270147d551155c595a2fb0bf5bb33b1c83040ddbce915c604
  - name: buf.build/the-protobuf-project/mcp
    commit: d8286d36a0cc4df5bf65e342195ab82d
    digest: b5:8355c7cb9f258ad16c9be3641ded547acaa1717243cd11c345c370b242f092c2e573f55d82c9a81a6a852421d0e84ccee8881dca73f15660eed7044ef0e24ac5
  - name: buf.build/the-protobuf-project/protorm
    commit: 592219814f8b4d489185d365c867bd6d
    digest: b5:4a49cc09e35e1b5e1b16e53b063577d79e79f55250777bd2e9cddaaad014abb7b0f1d591c00d19956aa0448201225929f0bc701ee7df1ee71bc2bbb9347a8cea
