# Generated by buf. DO NOT EDIT.
version: v2
deps:
  - name: buf.build/bufbuild/protovalidate
    commit: 435963d1631043e694e56e6bcc3c79c3
    digest: b5:f4ea07ad2dd94bd7243562f9908b9fb104feef8076040c89d9f7c1dedc074de4d4ce2b997686ef4400f3eccb765a7cfc20ed4acdd70b9a3699351245c61dba97
  - name: buf.build/googleapis/googleapis
    commit: c17df5b2beca46928cc87d5656bd5343
    digest: b5:648a01e0170d4512dea7d564016165decd1ed6e34bef79fe54753e51ad7e27545709ad9157d7551270147d551155c595a2fb0bf5bb33b1c83040ddbce915c604
  - name: buf.build/the-protobuf-project/mcp
    commit: d8286d36a0cc4df5bf65e342195ab82d
    digest: b5:8355c7cb9f258ad16c9be3641ded547acaa1717243cd11c345c370b242f092c2e573f55d82c9a81a6a852421d0e84ccee8881dca73f15660eed7044ef0e24ac5
  - name: buf.build/the-protobuf-project/orm
    commit: 2f9ad1b022d8468dbd7253d9ff4d0f2e
    digest: b5:57da7cd1f9b63dc584c1f300c93d825147e1fd90c2461fcbc6a182c54aefd84fe88a61567eb51b58a2a8d58c7c9240c6d9a0379f2829af57e757cb632545a1d9
